{
  "requires": true,
  "lockfileVersion": 1,
  "dependencies": {
    "dotenv": {
      "version": "16.0.1",
      "resolved": "https://registry.npmjs.org/dotenv/-/dotenv-16.0.1.tgz",
      "integrity": "sha512-1K6hR6wtk2FviQ4kEiSjFiH5rpzEVi8WW0x96aztHVMhEspNpc4DVOUTEHtEva5VThQ8IaBX1Pe4gSzpVVUsKQ=="
    },
    "dotenv-defaults": {
      "version": "2.0.2",
      "resolved": "https://registry.npmjs.org/dotenv-defaults/-/dotenv-defaults-2.0.2.tgz",
      "integrity": "sha512-iOIzovWfsUHU91L5i8bJce3NYK5JXeAwH50Jh6+ARUdLiiGlYWfGw6UkzsYqaXZH/hjE/eCd/PlfM/qqyK0AMg==",
      "dev": true,
      "requires": {
        "dotenv": "^8.2.0"
      },
      "dependencies": {
        "dotenv": {
          "version": "8.6.0",
          "resolved": "https://registry.npmjs.org/dotenv/-/dotenv-8.6.0.tgz",
          "integrity": "sha512-IrPdXQsk2BbzvCBGBOTmmSH5SodmqZNt4ERAZDmW4CT+tL8VtvinqywuANaFu4bOMWki16nqf0e4oC0QIaDr/g==",
          "dev": true
        }
      }
    },
    "dotenv-webpack": {
      "version": "7.1.0",
      "resolved": "https://registry.npmjs.org/dotenv-webpack/-/dotenv-webpack-7.1.0.tgz",
      "integrity": "sha512-+aUOe+nqgLerA/n611oyC15fY79BIkGm2fOxJAcHDonMZ7AtDpnzv/Oe591eHAenIE0t6w03UyxDnLs/YUxx5Q==",
      "dev": true,
      "requires": {
        "dotenv-defaults": "^2.0.2"
      }
    }
  }
}
